lockfileVersion: '9.0'

settings:
  autoInstallPeers: true
  excludeLinksFromLockfile: false

importers:

  .:
    dependencies:
      '@uidotdev/usehooks':
        specifier: ^2.4.1
        version: 2.4.1(react-dom@18.3.0(react@18.3.0))(react@18.3.0)
      npm-registry-fetch:
        specifier: ^16.2.1
        version: 16.2.1
      react:
        specifier: ^18.2.0
        version: 18.3.0
      react-dom:
        specifier: ^18.2.0
        version: 18.3.0(react@18.3.0)
      sonner:
        specifier: ^1.4.41
        version: 1.4.41(react-dom@18.3.0(react@18.3.0))(react@18.3.0)
    devDependencies:
      '@types/react':
        specifier: ^18.2.66
        version: 18.2.79
      '@types/react-dom':
        specifier: ^18.2.22
        version: 18.2.25
      '@vitejs/plugin-react-swc':
        specifier: ^3.5.0
        version: 3.6.0(vite@5.2.10)
      typescript:
        specifier: ^5.2.2
        version: 5.4.5
      vite:
        specifier: ^5.2.0
        version: 5.2.10

packages:

  '@esbuild/aix-ppc64@0.20.2':
    resolution: {integrity: sha512-D+EBOJHXdNZcLJRBkhENNG8Wji2kgc9AZ9KiPr1JuZjsNtyHzrsfLRrY0tk2H2aoFu6RANO1y1iPPUCDYWkb5g==}
    engines: {node: '>=12'}
    cpu: [ppc64]
    os: [aix]

  '@esbuild/android-arm64@0.20.2':
    resolution: {integrity: sha512-mRzjLacRtl/tWU0SvD8lUEwb61yP9cqQo6noDZP/O8VkwafSYwZ4yWy24kan8jE/IMERpYncRt2dw438LP3Xmg==}
    engines: {node: '>=12'}
    cpu: [arm64]
    os: [android]

  '@esbuild/android-arm@0.20.2':
    resolution: {integrity: sha512-t98Ra6pw2VaDhqNWO2Oph2LXbz/EJcnLmKLGBJwEwXX/JAN83Fym1rU8l0JUWK6HkIbWONCSSatf4sf2NBRx/w==}
    engines: {node: '>=12'}
    cpu: [arm]
    os: [android]

  '@esbuild/android-x64@0.20.2':
    resolution: {integrity: sha512-btzExgV+/lMGDDa194CcUQm53ncxzeBrWJcncOBxuC6ndBkKxnHdFJn86mCIgTELsooUmwUm9FkhSp5HYu00Rg==}
    engines: {node: '>=12'}
    cpu: [x64]
    os: [android]

  '@esbuild/darwin-arm64@0.20.2':
    resolution: {integrity: sha512-4J6IRT+10J3aJH3l1yzEg9y3wkTDgDk7TSDFX+wKFiWjqWp/iCfLIYzGyasx9l0SAFPT1HwSCR+0w/h1ES/MjA==}
    engines: {node: '>=12'}
    cpu: [arm64]
    os: [darwin]

  '@esbuild/darwin-x64@0.20.2':
    resolution: {integrity: sha512-tBcXp9KNphnNH0dfhv8KYkZhjc+H3XBkF5DKtswJblV7KlT9EI2+jeA8DgBjp908WEuYll6pF+UStUCfEpdysA==}
    engines: {node: '>=12'}
    cpu: [x64]
    os: [darwin]

  '@esbuild/freebsd-arm64@0.20.2':
    resolution: {integrity: sha512-d3qI41G4SuLiCGCFGUrKsSeTXyWG6yem1KcGZVS+3FYlYhtNoNgYrWcvkOoaqMhwXSMrZRl69ArHsGJ9mYdbbw==}
    engines: {node: '>=12'}
    cpu: [arm64]
    os: [freebsd]

  '@esbuild/freebsd-x64@0.20.2':
    resolution: {integrity: sha512-d+DipyvHRuqEeM5zDivKV1KuXn9WeRX6vqSqIDgwIfPQtwMP4jaDsQsDncjTDDsExT4lR/91OLjRo8bmC1e+Cw==}
    engines: {node: '>=12'}
    cpu: [x64]
    os: [freebsd]

  '@esbuild/linux-arm64@0.20.2':
    resolution: {integrity: sha512-9pb6rBjGvTFNira2FLIWqDk/uaf42sSyLE8j1rnUpuzsODBq7FvpwHYZxQ/It/8b+QOS1RYfqgGFNLRI+qlq2A==}
    engines: {node: '>=12'}
    cpu: [arm64]
    os: [linux]

  '@esbuild/linux-arm@0.20.2':
    resolution: {integrity: sha512-VhLPeR8HTMPccbuWWcEUD1Az68TqaTYyj6nfE4QByZIQEQVWBB8vup8PpR7y1QHL3CpcF6xd5WVBU/+SBEvGTg==}
    engines: {node: '>=12'}
    cpu: [arm]
    os: [linux]

  '@esbuild/linux-ia32@0.20.2':
    resolution: {integrity: sha512-o10utieEkNPFDZFQm9CoP7Tvb33UutoJqg3qKf1PWVeeJhJw0Q347PxMvBgVVFgouYLGIhFYG0UGdBumROyiig==}
    engines: {node: '>=12'}
    cpu: [ia32]
    os: [linux]

  '@esbuild/linux-loong64@0.20.2':
    resolution: {integrity: sha512-PR7sp6R/UC4CFVomVINKJ80pMFlfDfMQMYynX7t1tNTeivQ6XdX5r2XovMmha/VjR1YN/HgHWsVcTRIMkymrgQ==}
    engines: {node: '>=12'}
    cpu: [loong64]
    os: [linux]

  '@esbuild/linux-mips64el@0.20.2':
    resolution: {integrity: sha512-4BlTqeutE/KnOiTG5Y6Sb/Hw6hsBOZapOVF6njAESHInhlQAghVVZL1ZpIctBOoTFbQyGW+LsVYZ8lSSB3wkjA==}
    engines: {node: '>=12'}
    cpu: [mips64el]
    os: [linux]

  '@esbuild/linux-ppc64@0.20.2':
    resolution: {integrity: sha512-rD3KsaDprDcfajSKdn25ooz5J5/fWBylaaXkuotBDGnMnDP1Uv5DLAN/45qfnf3JDYyJv/ytGHQaziHUdyzaAg==}
    engines: {node: '>=12'}
    cpu: [ppc64]
    os: [linux]

  '@esbuild/linux-riscv64@0.20.2':
    resolution: {integrity: sha512-snwmBKacKmwTMmhLlz/3aH1Q9T8v45bKYGE3j26TsaOVtjIag4wLfWSiZykXzXuE1kbCE+zJRmwp+ZbIHinnVg==}
    engines: {node: '>=12'}
    cpu: [riscv64]
    os: [linux]

  '@esbuild/linux-s390x@0.20.2':
    resolution: {integrity: sha512-wcWISOobRWNm3cezm5HOZcYz1sKoHLd8VL1dl309DiixxVFoFe/o8HnwuIwn6sXre88Nwj+VwZUvJf4AFxkyrQ==}
    engines: {node: '>=12'}
    cpu: [s390x]
    os: [linux]

  '@esbuild/linux-x64@0.20.2':
    resolution: {integrity: sha512-1MdwI6OOTsfQfek8sLwgyjOXAu+wKhLEoaOLTjbijk6E2WONYpH9ZU2mNtR+lZ2B4uwr+usqGuVfFT9tMtGvGw==}
    engines: {node: '>=12'}
    cpu: [x64]
    os: [linux]

  '@esbuild/netbsd-x64@0.20.2':
    resolution: {integrity: sha512-K8/DhBxcVQkzYc43yJXDSyjlFeHQJBiowJ0uVL6Tor3jGQfSGHNNJcWxNbOI8v5k82prYqzPuwkzHt3J1T1iZQ==}
    engines: {node: '>=12'}
    cpu: [x64]
    os: [netbsd]

  '@esbuild/openbsd-x64@0.20.2':
    resolution: {integrity: sha512-eMpKlV0SThJmmJgiVyN9jTPJ2VBPquf6Kt/nAoo6DgHAoN57K15ZghiHaMvqjCye/uU4X5u3YSMgVBI1h3vKrQ==}
    engines: {node: '>=12'}
    cpu: [x64]
    os: [openbsd]

  '@esbuild/sunos-x64@0.20.2':
    resolution: {integrity: sha512-2UyFtRC6cXLyejf/YEld4Hajo7UHILetzE1vsRcGL3earZEW77JxrFjH4Ez2qaTiEfMgAXxfAZCm1fvM/G/o8w==}
    engines: {node: '>=12'}
    cpu: [x64]
    os: [sunos]

  '@esbuild/win32-arm64@0.20.2':
    resolution: {integrity: sha512-GRibxoawM9ZCnDxnP3usoUDO9vUkpAxIIZ6GQI+IlVmr5kP3zUq+l17xELTHMWTWzjxa2guPNyrpq1GWmPvcGQ==}
    engines: {node: '>=12'}
    cpu: [arm64]
    os: [win32]

  '@esbuild/win32-ia32@0.20.2':
    resolution: {integrity: sha512-HfLOfn9YWmkSKRQqovpnITazdtquEW8/SoHW7pWpuEeguaZI4QnCRW6b+oZTztdBnZOS2hqJ6im/D5cPzBTTlQ==}
    engines: {node: '>=12'}
    cpu: [ia32]
    os: [win32]

  '@esbuild/win32-x64@0.20.2':
    resolution: {integrity: sha512-N49X4lJX27+l9jbLKSqZ6bKNjzQvHaT8IIFUy+YIqmXQdjYCToGWwOItDrfby14c78aDd5NHQl29xingXfCdLQ==}
    engines: {node: '>=12'}
    cpu: [x64]
    os: [win32]

  '@isaacs/cliui@8.0.2':
    resolution: {integrity: sha512-O8jcjabXaleOG9DQ0+ARXWZBTfnP4WNAqzuiJK7ll44AmxGKv/J2M4TPjxjY3znBCfvBXFzucm1twdyFybFqEA==}
    engines: {node: '>=12'}

  '@npmcli/agent@2.2.2':
    resolution: {integrity: sha512-OrcNPXdpSl9UX7qPVRWbmWMCSXrcDa2M9DvrbOTj7ao1S4PlqVFYv9/yLKMkrJKZ/V5A/kDBC690or307i26Og==}
    engines: {node: ^16.14.0 || >=18.0.0}

  '@npmcli/fs@3.1.0':
    resolution: {integrity: sha512-7kZUAaLscfgbwBQRbvdMYaZOWyMEcPTH/tJjnyAWJ/dvvs9Ef+CERx/qJb9GExJpl1qipaDGn7KqHnFGGixd0w==}
    engines: {node: ^14.17.0 || ^16.13.0 || >=18.0.0}

  '@npmcli/redact@1.1.0':
    resolution: {integrity: sha512-PfnWuOkQgu7gCbnSsAisaX7hKOdZ4wSAhAzH3/ph5dSGau52kCRrMMGbiSQLwyTZpgldkZ49b0brkOr1AzGBHQ==}
    engines: {node: ^16.14.0 || >=18.0.0}

  '@pkgjs/parseargs@0.11.0':
    resolution: {integrity: sha512-+1VkjdD0QBLPodGrJUeqarH8VAIvQODIbwh9XpP5Syisf7YoQgsJKPNFoqqLQlu+VQ/tVSshMR6loPMn8U+dPg==}
    engines: {node: '>=14'}

  '@rollup/rollup-android-arm-eabi@4.16.4':
    resolution: {integrity: sha512-GkhjAaQ8oUTOKE4g4gsZ0u8K/IHU1+2WQSgS1TwTcYvL+sjbaQjNHFXbOJ6kgqGHIO1DfUhI/Sphi9GkRT9K+Q==}
    cpu: [arm]
    os: [android]

  '@rollup/rollup-android-arm64@4.16.4':
    resolution: {integrity: sha512-Bvm6D+NPbGMQOcxvS1zUl8H7DWlywSXsphAeOnVeiZLQ+0J6Is8T7SrjGTH29KtYkiY9vld8ZnpV3G2EPbom+w==}
    cpu: [arm64]
    os: [android]

  '@rollup/rollup-darwin-arm64@4.16.4':
    resolution: {integrity: sha512-i5d64MlnYBO9EkCOGe5vPR/EeDwjnKOGGdd7zKFhU5y8haKhQZTN2DgVtpODDMxUr4t2K90wTUJg7ilgND6bXw==}
    cpu: [arm64]
    os: [darwin]

  '@rollup/rollup-darwin-x64@4.16.4':
    resolution: {integrity: sha512-WZupV1+CdUYehaZqjaFTClJI72fjJEgTXdf4NbW69I9XyvdmztUExBtcI2yIIU6hJtYvtwS6pkTkHJz+k08mAQ==}
    cpu: [x64]
    os: [darwin]

  '@rollup/rollup-linux-arm-gnueabihf@4.16.4':
    resolution: {integrity: sha512-ADm/xt86JUnmAfA9mBqFcRp//RVRt1ohGOYF6yL+IFCYqOBNwy5lbEK05xTsEoJq+/tJzg8ICUtS82WinJRuIw==}
    cpu: [arm]
    os: [linux]

  '@rollup/rollup-linux-arm-musleabihf@4.16.4':
    resolution: {integrity: sha512-tJfJaXPiFAG+Jn3cutp7mCs1ePltuAgRqdDZrzb1aeE3TktWWJ+g7xK9SNlaSUFw6IU4QgOxAY4rA+wZUT5Wfg==}
    cpu: [arm]
    os: [linux]

  '@rollup/rollup-linux-arm64-gnu@4.16.4':
    resolution: {integrity: sha512-7dy1BzQkgYlUTapDTvK997cgi0Orh5Iu7JlZVBy1MBURk7/HSbHkzRnXZa19ozy+wwD8/SlpJnOOckuNZtJR9w==}
    cpu: [arm64]
    os: [linux]

  '@rollup/rollup-linux-arm64-musl@4.16.4':
    resolution: {integrity: sha512-zsFwdUw5XLD1gQe0aoU2HVceI6NEW7q7m05wA46eUAyrkeNYExObfRFQcvA6zw8lfRc5BHtan3tBpo+kqEOxmg==}
    cpu: [arm64]
    os: [linux]

  '@rollup/rollup-linux-powerpc64le-gnu@4.16.4':
    resolution: {integrity: sha512-p8C3NnxXooRdNrdv6dBmRTddEapfESEUflpICDNKXpHvTjRRq1J82CbU5G3XfebIZyI3B0s074JHMWD36qOW6w==}
    cpu: [ppc64]
    os: [linux]

  '@rollup/rollup-linux-riscv64-gnu@4.16.4':
    resolution: {integrity: sha512-Lh/8ckoar4s4Id2foY7jNgitTOUQczwMWNYi+Mjt0eQ9LKhr6sK477REqQkmy8YHY3Ca3A2JJVdXnfb3Rrwkng==}
    cpu: [riscv64]
    os: [linux]

  '@rollup/rollup-linux-s390x-gnu@4.16.4':
    resolution: {integrity: sha512-1xwwn9ZCQYuqGmulGsTZoKrrn0z2fAur2ujE60QgyDpHmBbXbxLaQiEvzJWDrscRq43c8DnuHx3QorhMTZgisQ==}
    cpu: [s390x]
    os: [linux]

  '@rollup/rollup-linux-x64-gnu@4.16.4':
    resolution: {integrity: sha512-LuOGGKAJ7dfRtxVnO1i3qWc6N9sh0Em/8aZ3CezixSTM+E9Oq3OvTsvC4sm6wWjzpsIlOCnZjdluINKESflJLA==}
    cpu: [x64]
    os: [linux]

  '@rollup/rollup-linux-x64-musl@4.16.4':
    resolution: {integrity: sha512-ch86i7KkJKkLybDP2AtySFTRi5fM3KXp0PnHocHuJMdZwu7BuyIKi35BE9guMlmTpwwBTB3ljHj9IQXnTCD0vA==}
    cpu: [x64]
    os: [linux]

  '@rollup/rollup-win32-arm64-msvc@4.16.4':
    resolution: {integrity: sha512-Ma4PwyLfOWZWayfEsNQzTDBVW8PZ6TUUN1uFTBQbF2Chv/+sjenE86lpiEwj2FiviSmSZ4Ap4MaAfl1ciF4aSA==}
    cpu: [arm64]
    os: [win32]

  '@rollup/rollup-win32-ia32-msvc@4.16.4':
    resolution: {integrity: sha512-9m/ZDrQsdo/c06uOlP3W9G2ENRVzgzbSXmXHT4hwVaDQhYcRpi9bgBT0FTG9OhESxwK0WjQxYOSfv40cU+T69w==}
    cpu: [ia32]
    os: [win32]

  '@rollup/rollup-win32-x64-msvc@4.16.4':
    resolution: {integrity: sha512-YunpoOAyGLDseanENHmbFvQSfVL5BxW3k7hhy0eN4rb3gS/ct75dVD0EXOWIqFT/nE8XYW6LP6vz6ctKRi0k9A==}
    cpu: [x64]
    os: [win32]

  '@swc/core-darwin-arm64@1.5.0':
    resolution: {integrity: sha512-dyA25zQjm3xmMFsRPFgBpSqWSW9TITnkndZkZAiPYLjBxH9oTNMa0l09BePsaqEeXySY++tUgAeYu/9onsHLbg==}
    engines: {node: '>=10'}
    cpu: [arm64]
    os: [darwin]

  '@swc/core-darwin-x64@1.5.0':
    resolution: {integrity: sha512-cO7kZMMA/fcQIBT31LBzcVNSk3AZGVYLqvEPnJhFImjPm3mGKUd6kWpARUEGR68MyRU2VsWhE6eCjMcM+G7bxw==}
    engines: {node: '>=10'}
    cpu: [x64]
    os: [darwin]

  '@swc/core-linux-arm-gnueabihf@1.5.0':
    resolution: {integrity: sha512-BXaXytS4y9lBFRO6vwA6ovvy1d2ZIzS02i2R1oegoZzzNu89CJDpkYXYS9bId0GvK2m9Q9y2ofoZzKE2Rp3PqQ==}
    engines: {node: '>=10'}
    cpu: [arm]
    os: [linux]

  '@swc/core-linux-arm64-gnu@1.5.0':
    resolution: {integrity: sha512-Bu4/41pGadXKnRsUbox0ig63xImATVH704oPCXcoOvNGkDyMjWgIAhzIi111vrwFNpj9utabgUE4AtlUa2tAOQ==}
    engines: {node: '>=10'}
    cpu: [arm64]
    os: [linux]

  '@swc/core-linux-arm64-musl@1.5.0':
    resolution: {integrity: sha512-lUFFvC8tsepNcTnKEHNrePWanVVef6PQ82Rv9wIeebgGHRUqDh6+CyCqodXez+aKz6NyE/PBIfp0r+jPx4hoJA==}
    engines: {node: '>=10'}
    cpu: [arm64]
    os: [linux]

  '@swc/core-linux-x64-gnu@1.5.0':
    resolution: {integrity: sha512-c6LegFU1qdyMfk+GzNIOvrX61+mksm21Q01FBnXSy1nf1ACj/a86jmr3zkPl0zpNVHfPOw3Ry1QIuLQKD+67YA==}
    engines: {node: '>=10'}
    cpu: [x64]
    os: [linux]

  '@swc/core-linux-x64-musl@1.5.0':
    resolution: {integrity: sha512-I/V8aWBmfDWwjtM1bS8ASG+6PcO/pVFYyPP5g2ok46Vz1o1MnAUd18mHnWX43nqVJokaW+BD/G4ZMZ+gXRl4zQ==}
    engines: {node: '>=10'}
    cpu: [x64]
    os: [linux]

  '@swc/core-win32-arm64-msvc@1.5.0':
    resolution: {integrity: sha512-nN685BvI7iM58xabrSOSQHUvIY10pcXh5H9DmS8LeYqG6Dkq7QZ8AwYqqonOitIS5C35MUfhSMLpOTzKoLdUqA==}
    engines: {node: '>=10'}
    cpu: [arm64]
    os: [win32]

  '@swc/core-win32-ia32-msvc@1.5.0':
    resolution: {integrity: sha512-3YjltmEHljI+TvuDOC4lspUzjBUoB3X5BhftRBprSTJx/czuMl0vdoZKs2Snzb5Eqqesp0Rl8q+iQ1E1oJ6dEA==}
    engines: {node: '>=10'}
    cpu: [ia32]
    os: [win32]

  '@swc/core-win32-x64-msvc@1.5.0':
    resolution: {integrity: sha512-ZairtCwJsaxnUH85DcYCyGpNb9bUoIm9QXYW+VaEoXwbcB95dTIiJwN0aRxPT8B0B2MNw/CXLqjoPo6sDwz5iw==}
    engines: {node: '>=10'}
    cpu: [x64]
    os: [win32]

  '@swc/core@1.5.0':
    resolution: {integrity: sha512-fjADAC5gOOX54Rpcr1lF9DHLD+nPD5H/zXLtEgK2Ez3esmogT+LfHzCZtUxqetjvaMChKhQ0Pp0ZB6Hpz/tCbw==}
    engines: {node: '>=10'}
    peerDependencies:
      '@swc/helpers': ^0.5.0
    peerDependenciesMeta:
      '@swc/helpers':
        optional: true

  '@swc/counter@0.1.3':
    resolution: {integrity: sha512-e2BR4lsJkkRlKZ/qCHPw9ZaSxc0MVUd7gtbtaB7aMvHeJVYe8sOB8DBZkP2DtISHGSku9sCK6T6cnY0CtXrOCQ==}

  '@swc/types@0.1.6':
    resolution: {integrity: sha512-/JLo/l2JsT/LRd80C3HfbmVpxOAJ11FO2RCEslFrgzLltoP9j8XIbsyDcfCt2WWyX+CM96rBoNM+IToAkFOugg==}

  '@types/estree@1.0.5':
    resolution: {integrity: sha512-/kYRxGDLWzHOB7q+wtSUQlFrtcdUccpfy+X+9iMBpHK8QLLhx2wIPYuS5DYtR9Wa/YlZAbIovy7qVdB1Aq6Lyw==}

  '@types/prop-types@15.7.12':
    resolution: {integrity: sha512-5zvhXYtRNRluoE/jAp4GVsSduVUzNWKkOZrCDBWYtE7biZywwdC2AcEzg+cSMLFRfVgeAFqpfNabiPjxFddV1Q==}

  '@types/react-dom@18.2.25':
    resolution: {integrity: sha512-o/V48vf4MQh7juIKZU2QGDfli6p1+OOi5oXx36Hffpc9adsHeXjVp8rHuPkjd8VT8sOJ2Zp05HR7CdpGTIUFUA==}

  '@types/react@18.2.79':
    resolution: {integrity: sha512-RwGAGXPl9kSXwdNTafkOEuFrTBD5SA2B3iEB96xi8+xu5ddUa/cpvyVCSNn+asgLCTHkb5ZxN8gbuibYJi4s1w==}

  '@uidotdev/usehooks@2.4.1':
    resolution: {integrity: sha512-1I+RwWyS+kdv3Mv0Vmc+p0dPYH0DTRAo04HLyXReYBL9AeseDWUJyi4THuksBJcu9F0Pih69Ak150VDnqbVnXg==}
    engines: {node: '>=16'}
    peerDependencies:
      react: '>=18.0.0'
      react-dom: '>=18.0.0'

  '@vitejs/plugin-react-swc@3.6.0':
    resolution: {integrity: sha512-XFRbsGgpGxGzEV5i5+vRiro1bwcIaZDIdBRP16qwm+jP68ue/S8FJTBEgOeojtVDYrbSua3XFp71kC8VJE6v+g==}
    peerDependencies:
      vite: ^4 || ^5

  agent-base@7.1.1:
    resolution: {integrity: sha512-H0TSyFNDMomMNJQBn8wFV5YC/2eJ+VXECwOadZJT554xP6cODZHPX3H9QMQECxvrgiSOP1pHjy1sMWQVYJOUOA==}
    engines: {node: '>= 14'}

  aggregate-error@3.1.0:
    resolution: {integrity: sha512-4I7Td01quW/RpocfNayFdFVk1qSuoh0E7JrbRJ16nH01HhKFQ88INq9Sd+nd72zqRySlr9BmDA8xlEJ6vJMrYA==}
    engines: {node: '>=8'}

  ansi-regex@5.0.1:
    resolution: {integrity: sha512-quJQXlTSUGL2LH9SUXo8VwsY4soanhgo6LNSm84E1LBcE8s3O0wpdiRzyR9z/ZZJMlMWv37qOOb9pdJlMUEKFQ==}
    engines: {node: '>=8'}

  ansi-regex@6.0.1:
    resolution: {integrity: sha512-n5M855fKb2SsfMIiFFoVrABHJC8QtHwVx+mHWP3QcEqBHYienj5dHSgjbxtC0WEZXYt4wcD6zrQElDPhFuZgfA==}
    engines: {node: '>=12'}

  ansi-styles@4.3.0:
    resolution: {integrity: sha512-zbB9rCJAT1rbjiVDb2hqKFHNYLxgtk8NURxZ3IZwD3F6NtxbXZQCnnSi1Lkx+IDohdPlFp222wVALIheZJQSEg==}
    engines: {node: '>=8'}

  ansi-styles@6.2.1:
    resolution: {integrity: sha512-bN798gFfQX+viw3R7yrGWRqnrN2oRkEkUjjl4JNn4E8GxxbjtG3FbrEIIY3l8/hrwUwIeCZvi4QuOTP4MErVug==}
    engines: {node: '>=12'}

  balanced-match@1.0.2:
    resolution: {integrity: sha512-3oSeUO0TMV67hN1AmbXsK4yaqU7tjiHlbxRDZOpH0KW9+CeX4bRAaX0Anxt0tx2MrpRpWwQaPwIlISEJhYU5Pw==}

  brace-expansion@2.0.1:
    resolution: {integrity: sha512-XnAIvQ8eM+kC6aULx6wuQiwVsnzsi9d3WxzV3FpWTGA19F621kwdbsAcFKXgKUHZWsy+mY6iL1sHTxWEFCytDA==}

  builtins@5.1.0:
    resolution: {integrity: sha512-SW9lzGTLvWTP1AY8xeAMZimqDrIaSdLQUcVr9DMef51niJ022Ri87SwRRKYm4A6iHfkPaiVUu/Duw2Wc4J7kKg==}

  cacache@18.0.2:
    resolution: {integrity: sha512-r3NU8h/P+4lVUHfeRw1dtgQYar3DZMm4/cm2bZgOvrFC/su7budSOeqh52VJIC4U4iG1WWwV6vRW0znqBvxNuw==}
    engines: {node: ^16.14.0 || >=18.0.0}

  chownr@2.0.0:
    resolution: {integrity: sha512-bIomtDF5KGpdogkLd9VspvFzk9KfpyyGlS8YFVZl7TGPBHL5snIOnxeshwVgPteQ9b4Eydl+pVbIyE1DcvCWgQ==}
    engines: {node: '>=10'}

  clean-stack@2.2.0:
    resolution: {integrity: sha512-4diC9HaTE+KRAMWhDhrGOECgWZxoevMc5TlkObMqNSsVU62PYzXZ/SMTjzyGAFF1YusgxGcSWTEXBhp0CPwQ1A==}
    engines: {node: '>=6'}

  color-convert@2.0.1:
    resolution: {integrity: sha512-RRECPsj7iu/xb5oKYcsFHSppFNnsj/52OVTRKb4zP5onXwVF3zVmmToNcOfGC+CRDpfK/U584fMg38ZHCaElKQ==}
    engines: {node: '>=7.0.0'}

  color-name@1.1.4:
    resolution: {integrity: sha512-dOy+3AuW3a2wNbZHIuMZpTcgjGuLU/uBL/ubcZF9OXbDo8ff4O8yVp5Bf0efS8uEoYo5q4Fx7dY9OgQGXgAsQA==}

  cross-spawn@7.0.3:
    resolution: {integrity: sha512-iRDPJKUPVEND7dHPO8rkbOnPpyDygcDFtWjpeWNCgy8WP2rXcxXL8TskReQl6OrB2G7+UJrags1q15Fudc7G6w==}
    engines: {node: '>= 8'}

  csstype@3.1.3:
    resolution: {integrity: sha512-M1uQkMl8rQK/szD0LNhtqxIPLpimGm8sOBwU7lLnCpSbTyY3yeU1Vc7l4KT5zT4s/yOxHH5O7tIuuLOCnLADRw==}

  debug@4.3.4:
    resolution: {integrity: sha512-PRWFHuSU3eDtQJPvnNY7Jcket1j0t5OuOsFzPPzsekD52Zl8qUfFIPEiswXqIvHWGVHOgX+7G/vCNNhehwxfkQ==}
    engines: {node: '>=6.0'}
    peerDependencies:
      supports-color: '*'
    peerDependenciesMeta:
      supports-color:
        optional: true

  eastasianwidth@0.2.0:
    resolution: {integrity: sha512-I88TYZWc9XiYHRQ4/3c5rjjfgkjhLyW2luGIheGERbNQ6OY7yTybanSpDXZa8y7VUP9YmDcYa+eyq4ca7iLqWA==}

  emoji-regex@8.0.0:
    resolution: {integrity: sha512-MSjYzcWNOA0ewAHpz0MxpYFvwg6yjy1NG3xteoqz644VCo/RPgnr1/GGt+ic3iJTzQ8Eu3TdM14SawnVUmGE6A==}

  emoji-regex@9.2.2:
    resolution: {integrity: sha512-L18DaJsXSUk2+42pv8mLs5jJT2hqFkFE4j21wOmgbUqsZ2hL72NsUU785g9RXgo3s0ZNgVl42TiHp3ZtOv/Vyg==}

  encoding@0.1.13:
    resolution: {integrity: sha512-ETBauow1T35Y/WZMkio9jiM0Z5xjHHmJ4XmjZOq1l/dXz3lr2sRn87nJy20RupqSh1F2m3HHPSp8ShIPQJrJ3A==}

  err-code@2.0.3:
    resolution: {integrity: sha512-2bmlRpNKBxT/CRmPOlyISQpNj+qSeYvcym/uT0Jx2bMOlKLtSy1ZmLuVxSEKKyor/N5yhvp/ZiG1oE3DEYMSFA==}

  esbuild@0.20.2:
    resolution: {integrity: sha512-WdOOppmUNU+IbZ0PaDiTst80zjnrOkyJNHoKupIcVyU8Lvla3Ugx94VzkQ32Ijqd7UhHJy75gNWDMUekcrSJ6g==}
    engines: {node: '>=12'}
    hasBin: true

  foreground-child@3.1.1:
    resolution: {integrity: sha512-TMKDUnIte6bfb5nWv7V/caI169OHgvwjb7V4WkeUvbQQdjr5rWKqHFiKWb/fcOwB+CzBT+qbWjvj+DVwRskpIg==}
    engines: {node: '>=14'}

  fs-minipass@2.1.0:
    resolution: {integrity: sha512-V/JgOLFCS+R6Vcq0slCuaeWEdNC3ouDlJMNIsacH2VtALiu9mV4LPrHc5cDl8k5aw6J8jwgWWpiTo5RYhmIzvg==}
    engines: {node: '>= 8'}

  fs-minipass@3.0.3:
    resolution: {integrity: sha512-XUBA9XClHbnJWSfBzjkm6RvPsyg3sryZt06BEQoXcF7EK/xpGaQYJgQKDJSUH5SGZ76Y7pFx1QBnXz09rU5Fbw==}
    engines: {node: ^14.17.0 || ^16.13.0 || >=18.0.0}

  fsevents@2.3.3:
    resolution: {integrity: sha512-5xoDfX+fL7faATnagmWPpbFtwh/R77WmMMqqHGS65C3vvB0YHrgF+B1YmZ3441tMj5n63k0212XNoJwzlhffQw==}
    engines: {node: ^8.16.0 || ^10.6.0 || >=11.0.0}
    os: [darwin]

  glob@10.3.12:
    resolution: {integrity: sha512-TCNv8vJ+xz4QiqTpfOJA7HvYv+tNIRHKfUWw/q+v2jdgN4ebz+KY9tGx5J4rHP0o84mNP+ApH66HRX8us3Khqg==}
    engines: {node: '>=16 || 14 >=14.17'}
    hasBin: true

  hosted-git-info@7.0.1:
    resolution: {integrity: sha512-+K84LB1DYwMHoHSgaOY/Jfhw3ucPmSET5v98Ke/HdNSw4a0UktWzyW1mjhjpuxxTqOOsfWT/7iVshHmVZ4IpOA==}
    engines: {node: ^16.14.0 || >=18.0.0}

  http-cache-semantics@4.1.1:
    resolution: {integrity: sha512-er295DKPVsV82j5kw1Gjt+ADA/XYHsajl82cGNQG2eyoPkvgUhX+nDIyelzhIWbbsXP39EHcI6l5tYs2FYqYXQ==}

  http-proxy-agent@7.0.2:
    resolution: {integrity: sha512-T1gkAiYYDWYx3V5Bmyu7HcfcvL7mUrTWiM6yOfa3PIphViJ/gFPbvidQ+veqSOHci/PxBcDabeUNCzpOODJZig==}
    engines: {node: '>= 14'}

  https-proxy-agent@7.0.4:
    resolution: {integrity: sha512-wlwpilI7YdjSkWaQ/7omYBMTliDcmCN8OLihO6I9B86g06lMyAoqgoDpV0XqoaPOKj+0DIdAvnsWfyAAhmimcg==}
    engines: {node: '>= 14'}

  iconv-lite@0.6.3:
    resolution: {integrity: sha512-4fCk79wshMdzMp2rH06qWrJE4iolqLhCUH+OiuIgU++RB0+94NlDL81atO7GX55uUKueo0txHNtvEyI6D7WdMw==}
    engines: {node: '>=0.10.0'}

  imurmurhash@0.1.4:
    resolution: {integrity: sha512-JmXMZ6wuvDmLiHEml9ykzqO6lwFbof0GG4IkcGaENdCRDDmMVnny7s5HsIgHCbaq0w2MyPhDqkhTUgS2LU2PHA==}
    engines: {node: '>=0.8.19'}

  indent-string@4.0.0:
    resolution: {integrity: sha512-EdDDZu4A2OyIK7Lr/2zG+w5jmbuk1DVBnEwREQvBzspBJkCEbRa8GxU1lghYcaGJCnRWibjDXlq779X1/y5xwg==}
    engines: {node: '>=8'}

  ip-address@9.0.5:
    resolution: {integrity: sha512-zHtQzGojZXTwZTHQqra+ETKd4Sn3vgi7uBmlPoXVWZqYvuKmtI0l/VZTjqGmJY9x88GGOaZ9+G9ES8hC4T4X8g==}
    engines: {node: '>= 12'}

  is-fullwidth-code-point@3.0.0:
    resolution: {integrity: sha512-zymm5+u+sCsSWyD9qNaejV3DFvhCKclKdizYaJUuHA83RLjb7nSuGnddCHGv0hk+KY7BMAlsWeK4Ueg6EV6XQg==}
    engines: {node: '>=8'}

  is-lambda@1.0.1:
    resolution: {integrity: sha512-z7CMFGNrENq5iFB9Bqo64Xk6Y9sg+epq1myIcdHaGnbMTYOxvzsEtdYqQUylB7LxfkvgrrjP32T6Ywciio9UIQ==}

  isexe@2.0.0:
    resolution: {integrity: sha512-RHxMLp9lnKHGHRng9QFhRCMbYAcVpn69smSGcq3f36xjgVVWThj4qqLbTLlq7Ssj8B+fIQ1EuCEGI2lKsyQeIw==}

  jackspeak@2.3.6:
    resolution: {integrity: sha512-N3yCS/NegsOBokc8GAdM8UcmfsKiSS8cipheD/nivzr700H+nsMOxJjQnvwOcRYVuFkdH0wGUvW2WbXGmrZGbQ==}
    engines: {node: '>=14'}

  js-tokens@4.0.0:
    resolution: {integrity: sha512-RdJUflcE3cUzKiMqQgsCu06FPu9UdIJO0beYbPhHN4k6apgJtifcoCtT9bcxOpYBtpD2kCM6Sbzg4CausW/PKQ==}

  jsbn@1.1.0:
    resolution: {integrity: sha512-4bYVV3aAMtDTTu4+xsDYa6sy9GyJ69/amsu9sYF2zqjiEoZA5xJi3BrfX3uY+/IekIu7MwdObdbDWpoZdBv3/A==}

  jsonparse@1.3.1:
    resolution: {integrity: sha512-POQXvpdL69+CluYsillJ7SUhKvytYjW9vG/GKpnf+xP8UWgYEM/RaMzHHofbALDiKbbP1W8UEYmgGl39WkPZsg==}
    engines: {'0': node >= 0.2.0}

  loose-envify@1.4.0:
    resolution: {integrity: sha512-lyuxPGr/Wfhrlem2CL/UcnUc1zcqKAImBDzukY7Y5F/yQiNdko6+fRLevlw1HgMySw7f611UIY408EtxRSoK3Q==}
    hasBin: true

  lru-cache@10.2.1:
    resolution: {integrity: sha512-tS24spDe/zXhWbNPErCHs/AGOzbKGHT+ybSBqmdLm8WZ1xXLWvH8Qn71QPAlqVhd0qUTWjy+Kl9JmISgDdEjsA==}
    engines: {node: 14 || >=16.14}

  lru-cache@6.0.0:
    resolution: {integrity: sha512-Jo6dJ04CmSjuznwJSS3pUeWmd/H0ffTlkXXgwZi+eq1UCmqQwCh+eLsYOYCwY991i2Fah4h1BEMCx4qThGbsiA==}
    engines: {node: '>=10'}

  make-fetch-happen@13.0.0:
    resolution: {integrity: sha512-7ThobcL8brtGo9CavByQrQi+23aIfgYU++wg4B87AIS8Rb2ZBt/MEaDqzA00Xwv/jUjAjYkLHjVolYuTLKda2A==}
    engines: {node: ^16.14.0 || >=18.0.0}

  minimatch@9.0.4:
    resolution: {integrity: sha512-KqWh+VchfxcMNRAJjj2tnsSJdNbHsVgnkBhTNrW7AjVo6OvLtxw8zfT9oLw1JSohlFzJ8jCoTgaoXvJ+kHt6fw==}
    engines: {node: '>=16 || 14 >=14.17'}

  minipass-collect@2.0.1:
    resolution: {integrity: sha512-D7V8PO9oaz7PWGLbCACuI1qEOsq7UKfLotx/C0Aet43fCUB/wfQ7DYeq2oR/svFJGYDHPr38SHATeaj/ZoKHKw==}
    engines: {node: '>=16 || 14 >=14.17'}

  minipass-fetch@3.0.4:
    resolution: {integrity: sha512-jHAqnA728uUpIaFm7NWsCnqKT6UqZz7GcI/bDpPATuwYyKwJwW0remxSCxUlKiEty+eopHGa3oc8WxgQ1FFJqg==}
    engines: {node: ^14.17.0 || ^16.13.0 || >=18.0.0}

  minipass-flush@1.0.5:
    resolution: {integrity: sha512-JmQSYYpPUqX5Jyn1mXaRwOda1uQ8HP5KAT/oDSLCzt1BYRhQU0/hDtsB1ufZfEEzMZ9aAVmsBw8+FWsIXlClWw==}
    engines: {node: '>= 8'}

  minipass-json-stream@1.0.1:
    resolution: {integrity: sha512-ODqY18UZt/I8k+b7rl2AENgbWE8IDYam+undIJONvigAz8KR5GWblsFTEfQs0WODsjbSXWlm+JHEv8Gr6Tfdbg==}

  minipass-pipeline@1.2.4:
    resolution: {integrity: sha512-xuIq7cIOt09RPRJ19gdi4b+RiNvDFYe5JH+ggNvBqGqpQXcru3PcRmOZuHBKWK1Txf9+cQ+HMVN4d6z46LZP7A==}
    engines: {node: '>=8'}

  minipass-sized@1.0.3:
    resolution: {integrity: sha512-MbkQQ2CTiBMlA2Dm/5cY+9SWFEN8pzzOXi6rlM5Xxq0Yqbda5ZQy9sU75a673FE9ZK0Zsbr6Y5iP6u9nktfg2g==}
    engines: {node: '>=8'}

  minipass@3.3.6:
    resolution: {integrity: sha512-DxiNidxSEK+tHG6zOIklvNOwm3hvCrbUrdtzY74U6HKTJxvIDfOUL5W5P2Ghd3DTkhhKPYGqeNUIh5qcM4YBfw==}
    engines: {node: '>=8'}

  minipass@5.0.0:
    resolution: {integrity: sha512-3FnjYuehv9k6ovOEbyOswadCDPX1piCfhV8ncmYtHOjuPwylVWsghTLo7rabjC3Rx5xD4HDx8Wm1xnMF7S5qFQ==}
    engines: {node: '>=8'}

  minipass@7.0.4:
    resolution: {integrity: sha512-jYofLM5Dam9279rdkWzqHozUo4ybjdZmCsDHePy5V/PbBcVMiSZR97gmAy45aqi8CK1lG2ECd356FU86avfwUQ==}
    engines: {node: '>=16 || 14 >=14.17'}

  minizlib@2.1.2:
    resolution: {integrity: sha512-bAxsR8BVfj60DWXHE3u30oHzfl4G7khkSuPW+qvpd7jFRHm7dLxOjUk1EHACJ/hxLY8phGJ0YhYHZo7jil7Qdg==}
    engines: {node: '>= 8'}

  mkdirp@1.0.4:
    resolution: {integrity: sha512-vVqVZQyf3WLx2Shd0qJ9xuvqgAyKPLAiqITEtqW0oIUjzo3PePDd6fW9iFz30ef7Ysp/oiWqbhszeGWW2T6Gzw==}
    engines: {node: '>=10'}
    hasBin: true

  ms@2.1.2:
    resolution: {integrity: sha512-sGkPx+VjMtmA6MX27oA4FBFELFCZZ4S4XqeGOXCv68tT+jb3vk/RyaKWP0PTKyWtmLSM0b+adUTEvbs1PEaH2w==}

  nanoid@3.3.7:
    resolution: {integrity: sha512-eSRppjcPIatRIMC1U6UngP8XFcz8MQWGQdt1MTBQ7NaAmvXDfvNxbvWV3x2y6CdEUciCSsDHDQZbhYaB8QEo2g==}
    engines: {node: ^10 || ^12 || ^13.7 || ^14 || >=15.0.1}
    hasBin: true

  negotiator@0.6.3:
    resolution: {integrity: sha512-+EUsqGPLsM+j/zdChZjsnX51g4XrHFOIXwfnCVPGlQk/k5giakcKsuxCObBRu6DSm9opw/O6slWbJdghQM4bBg==}
    engines: {node: '>= 0.6'}

  npm-package-arg@11.0.2:
    resolution: {integrity: sha512-IGN0IAwmhDJwy13Wc8k+4PEbTPhpJnMtfR53ZbOyjkvmEcLS4nCwp6mvMWjS5sUjeiW3mpx6cHmuhKEu9XmcQw==}
    engines: {node: ^16.14.0 || >=18.0.0}

  npm-registry-fetch@16.2.1:
    resolution: {integrity: sha512-8l+7jxhim55S85fjiDGJ1rZXBWGtRLi1OSb4Z3BPLObPuIaeKRlPRiYMSHU4/81ck3t71Z+UwDDl47gcpmfQQA==}
    engines: {node: ^16.14.0 || >=18.0.0}

  p-map@4.0.0:
    resolution: {integrity: sha512-/bjOqmgETBYB5BoEeGVea8dmvHb2m9GLy1E9W43yeyfP6QQCZGFNa+XRceJEuDB6zqr+gKpIAmlLebMpykw/MQ==}
    engines: {node: '>=10'}

  path-key@3.1.1:
    resolution: {integrity: sha512-ojmeN0qd+y0jszEtoY48r0Peq5dwMEkIlCOu6Q5f41lfkswXuKtYrhgoTpLnyIcHm24Uhqx+5Tqm2InSwLhE6Q==}
    engines: {node: '>=8'}

  path-scurry@1.10.2:
    resolution: {integrity: sha512-7xTavNy5RQXnsjANvVvMkEjvloOinkAjv/Z6Ildz9v2RinZ4SBKTWFOVRbaF8p0vpHnyjV/UwNDdKuUv6M5qcA==}
    engines: {node: '>=16 || 14 >=14.17'}

  picocolors@1.0.0:
    resolution: {integrity: sha512-1fygroTLlHu66zi26VoTDv8yRgm0Fccecssto+MhsZ0D/DGW2sm8E8AjW7NU5VVTRt5GxbeZ5qBuJr+HyLYkjQ==}

  postcss@8.4.38:
    resolution: {integrity: sha512-Wglpdk03BSfXkHoQa3b/oulrotAkwrlLDRSOb9D0bN86FdRyE9lppSp33aHNPgBa0JKCoB+drFLZkQoRRYae5A==}
    engines: {node: ^10 || ^12 || >=14}

  proc-log@4.2.0:
    resolution: {integrity: sha512-g8+OnU/L2v+wyiVK+D5fA34J7EH8jZ8DDlvwhRCMxmMj7UCBvxiO1mGeN+36JXIKF4zevU4kRBd8lVgG9vLelA==}
    engines: {node: ^14.17.0 || ^16.13.0 || >=18.0.0}

  promise-retry@2.0.1:
    resolution: {integrity: sha512-y+WKFlBR8BGXnsNlIHFGPZmyDf3DFMoLhaflAnyZgV6rG6xu+JwesTo2Q9R6XwYmtmwAFCkAk3e35jEdoeh/3g==}
    engines: {node: '>=10'}

  react-dom@18.3.0:
    resolution: {integrity: sha512-zaKdLBftQJnvb7FtDIpZtsAIb2MZU087RM8bRDZU8LVCCFYjPTsDZJNFUWPcVz3HFSN1n/caxi0ca4B/aaVQGQ==}
    peerDependencies:
      react: ^18.3.0

  react@18.3.0:
    resolution: {integrity: sha512-RPutkJftSAldDibyrjuku7q11d3oy6wKOyPe5K1HA/HwwrXcEqBdHsLypkC2FFYjP7bPUa6gbzSBhw4sY2JcDg==}
    engines: {node: '>=0.10.0'}

  retry@0.12.0:
    resolution: {integrity: sha512-9LkiTwjUh6rT555DtE9rTX+BKByPfrMzEAtnlEtdEwr3Nkffwiihqe2bWADg+OQRjt9gl6ICdmB/ZFDCGAtSow==}
    engines: {node: '>= 4'}

  rollup@4.16.4:
    resolution: {integrity: sha512-kuaTJSUbz+Wsb2ATGvEknkI12XV40vIiHmLuFlejoo7HtDok/O5eDDD0UpCVY5bBX5U5RYo8wWP83H7ZsqVEnA==}
    engines: {node: '>=18.0.0', npm: '>=8.0.0'}
    hasBin: true

  safer-buffer@2.1.2:
    resolution: {integrity: sha512-YZo3K82SD7Riyi0E1EQPojLz7kpepnSQI9IyPbHHg1XXXevb5dJI7tpyN2ADxGcQbHG7vcyRHk0cbwqcQriUtg==}

  scheduler@0.23.1:
    resolution: {integrity: sha512-5GKS5JGfiah1O38Vfa9srZE4s3wdHbwjlCrvIookrg2FO9aIwKLOJXuJQFlEfNcVSOXuaL2hzDeY20uVXcUtrw==}

  semver@7.6.0:
    resolution: {integrity: sha512-EnwXhrlwXMk9gKu5/flx5sv/an57AkRplG3hTK68W7FRDN+k+OWBj65M7719OkA82XLBxrcX0KSHj+X5COhOVg==}
    engines: {node: '>=10'}
    hasBin: true

  shebang-command@2.0.0:
    resolution: {integrity: sha512-kHxr2zZpYtdmrN1qDjrrX/Z1rR1kG8Dx+gkpK1G4eXmvXswmcE1hTWBWYUzlraYw1/yZp6YuDY77YtvbN0dmDA==}
    engines: {node: '>=8'}

  shebang-regex@3.0.0:
    resolution: {integrity: sha512-7++dFhtcx3353uBaq8DDR4NuxBetBzC7ZQOhmTQInHEd6bSrXdiEyzCvG07Z44UYdLShWUyXt5M/yhz8ekcb1A==}
    engines: {node: '>=8'}

  signal-exit@4.1.0:
    resolution: {integrity: sha512-bzyZ1e88w9O1iNJbKnOlvYTrWPDl46O1bG0D3XInv+9tkPrxrN8jUUTiFlDkkmKWgn1M6CfIA13SuGqOa9Korw==}
    engines: {node: '>=14'}

  smart-buffer@4.2.0:
    resolution: {integrity: sha512-94hK0Hh8rPqQl2xXc3HsaBoOXKV20MToPkcXvwbISWLEs+64sBq5kFgn2kJDHb1Pry9yrP0dxrCI9RRci7RXKg==}
    engines: {node: '>= 6.0.0', npm: '>= 3.0.0'}

  socks-proxy-agent@8.0.3:
    resolution: {integrity: sha512-VNegTZKhuGq5vSD6XNKlbqWhyt/40CgoEw8XxD6dhnm8Jq9IEa3nIa4HwnM8XOqU0CdB0BwWVXusqiFXfHB3+A==}
    engines: {node: '>= 14'}

  socks@2.8.3:
    resolution: {integrity: sha512-l5x7VUUWbjVFbafGLxPWkYsHIhEvmF85tbIeFZWc8ZPtoMyybuEhL7Jye/ooC4/d48FgOjSJXgsF/AJPYCW8Zw==}
    engines: {node: '>= 10.0.0', npm: '>= 3.0.0'}

  sonner@1.4.41:
    resolution: {integrity: sha512-uG511ggnnsw6gcn/X+YKkWPo5ep9il9wYi3QJxHsYe7yTZ4+cOd1wuodOUmOpFuXL+/RE3R04LczdNCDygTDgQ==}
    peerDependencies:
      react: ^18.0.0
      react-dom: ^18.0.0

  source-map-js@1.2.0:
    resolution: {integrity: sha512-itJW8lvSA0TXEphiRoawsCksnlf8SyvmFzIhltqAHluXd88pkCd+cXJVHTDwdCr0IzwptSm035IHQktUu1QUMg==}
    engines: {node: '>=0.10.0'}

  sprintf-js@1.1.3:
    resolution: {integrity: sha512-Oo+0REFV59/rz3gfJNKQiBlwfHaSESl1pcGyABQsnnIfWOFt6JNj5gCog2U6MLZ//IGYD+nA8nI+mTShREReaA==}

  ssri@10.0.5:
    resolution: {integrity: sha512-bSf16tAFkGeRlUNDjXu8FzaMQt6g2HZJrun7mtMbIPOddxt3GLMSz5VWUWcqTJUPfLEaDIepGxv+bYQW49596A==}
    engines: {node: ^14.17.0 || ^16.13.0 || >=18.0.0}

  string-width@4.2.3:
    resolution: {integrity: sha512-wKyQRQpjJ0sIp62ErSZdGsjMJWsap5oRNihHhu6G7JVO/9jIB6UyevL+tXuOqrng8j/cxKTWyWUwvSTriiZz/g==}
    engines: {node: '>=8'}

  string-width@5.1.2:
    resolution: {integrity: sha512-HnLOCR3vjcY8beoNLtcjZ5/nxn2afmME6lhrDrebokqMap+XbeW8n9TXpPDOqdGK5qcI3oT0GKTW6wC7EMiVqA==}
    engines: {node: '>=12'}

  strip-ansi@6.0.1:
    resolution: {integrity: sha512-Y38VPSHcqkFrCpFnQ9vuSXmquuv5oXOKpGeT6aGrr3o3Gc9AlVa6JBfUSOCnbxGGZF+/0ooI7KrPuUSztUdU5A==}
    engines: {node: '>=8'}

  strip-ansi@7.1.0:
    resolution: {integrity: sha512-iq6eVVI64nQQTRYq2KtEg2d2uU7LElhTJwsH4YzIHZshxlgZms/wIc4VoDQTlG/IvVIrBKG06CrZnp0qv7hkcQ==}
    engines: {node: '>=12'}

  tar@6.2.1:
    resolution: {integrity: sha512-DZ4yORTwrbTj/7MZYq2w+/ZFdI6OZ/f9SFHR+71gIVUZhOQPHzVCLpvRnPgyaMpfWxxk/4ONva3GQSyNIKRv6A==}
    engines: {node: '>=10'}

  typescript@5.4.5:
    resolution: {integrity: sha512-vcI4UpRgg81oIRUFwR0WSIHKt11nJ7SAVlYNIu+QpqeyXP+gpQJy/Z4+F0aGxSE4MqwjyXvW/TzgkLAx2AGHwQ==}
    engines: {node: '>=14.17'}
    hasBin: true

  unique-filename@3.0.0:
    resolution: {integrity: sha512-afXhuC55wkAmZ0P18QsVE6kp8JaxrEokN2HGIoIVv2ijHQd419H0+6EigAFcIzXeMIkcIkNBpB3L/DXB3cTS/g==}
    engines: {node: ^14.17.0 || ^16.13.0 || >=18.0.0}

  unique-slug@4.0.0:
    resolution: {integrity: sha512-WrcA6AyEfqDX5bWige/4NQfPZMtASNVxdmWR76WESYQVAACSgWcR6e9i0mofqqBxYFtL4oAxPIptY73/0YE1DQ==}
    engines: {node: ^14.17.0 || ^16.13.0 || >=18.0.0}

  validate-npm-package-name@5.0.0:
    resolution: {integrity: sha512-YuKoXDAhBYxY7SfOKxHBDoSyENFeW5VvIIQp2TGQuit8gpK6MnWaQelBKxso72DoxTZfZdcP3W90LqpSkgPzLQ==}
    engines: {node: ^14.17.0 || ^16.13.0 || >=18.0.0}

  vite@5.2.10:
    resolution: {integrity: sha512-PAzgUZbP7msvQvqdSD+ErD5qGnSFiGOoWmV5yAKUEI0kdhjbH6nMWVyZQC/hSc4aXwc0oJ9aEdIiF9Oje0JFCw==}
    engines: {node: ^18.0.0 || >=20.0.0}
    hasBin: true
    peerDependencies:
      '@types/node': ^18.0.0 || >=20.0.0
      less: '*'
      lightningcss: ^1.21.0
      sass: '*'
      stylus: '*'
      sugarss: '*'
      terser: ^5.4.0
    peerDependenciesMeta:
      '@types/node':
        optional: true
      less:
        optional: true
      lightningcss:
        optional: true
      sass:
        optional: true
      stylus:
        optional: true
      sugarss:
        optional: true
      terser:
        optional: true

  which@2.0.2:
    resolution: {integrity: sha512-BLI3Tl1TW3Pvl70l3yq3Y64i+awpwXqsGBYWkkqMtnbXgrMD+yj7rhW0kuEDxzJaYXGjEW5ogapKNMEKNMjibA==}
    engines: {node: '>= 8'}
    hasBin: true

  wrap-ansi@7.0.0:
    resolution: {integrity: sha512-YVGIj2kamLSTxw6NsZjoBxfSwsn0ycdesmc4p+Q21c5zPuZ1pl+NfxVdxPtdHvmNVOQ6XSYG4AUtyt/Fi7D16Q==}
    engines: {node: '>=10'}

  wrap-ansi@8.1.0:
    resolution: {integrity: sha512-si7QWI6zUMq56bESFvagtmzMdGOtoxfR+Sez11Mobfc7tm+VkUckk9bW2UeffTGVUbOksxmSw0AA2gs8g71NCQ==}
    engines: {node: '>=12'}

  yallist@4.0.0:
    resolution: {integrity: sha512-3wdGidZyq5PB084XLES5TpOSRA3wjXAlIWMhum2kRcv/41Sn2emQ0dycQW4uZXLejwKvg6EsvbdlVL+FYEct7A==}

snapshots:

  '@esbuild/aix-ppc64@0.20.2':
    optional: true

  '@esbuild/android-arm64@0.20.2':
    optional: true

  '@esbuild/android-arm@0.20.2':
    optional: true

  '@esbuild/android-x64@0.20.2':
    optional: true

  '@esbuild/darwin-arm64@0.20.2':
    optional: true

  '@esbuild/darwin-x64@0.20.2':
    optional: true

  '@esbuild/freebsd-arm64@0.20.2':
    optional: true

  '@esbuild/freebsd-x64@0.20.2':
    optional: true

  '@esbuild/linux-arm64@0.20.2':
    optional: true

  '@esbuild/linux-arm@0.20.2':
    optional: true

  '@esbuild/linux-ia32@0.20.2':
    optional: true

  '@esbuild/linux-loong64@0.20.2':
    optional: true

  '@esbuild/linux-mips64el@0.20.2':
    optional: true

  '@esbuild/linux-ppc64@0.20.2':
    optional: true

  '@esbuild/linux-riscv64@0.20.2':
    optional: true

  '@esbuild/linux-s390x@0.20.2':
    optional: true

  '@esbuild/linux-x64@0.20.2':
    optional: true

  '@esbuild/netbsd-x64@0.20.2':
    optional: true

  '@esbuild/openbsd-x64@0.20.2':
    optional: true

  '@esbuild/sunos-x64@0.20.2':
    optional: true

  '@esbuild/win32-arm64@0.20.2':
    optional: true

  '@esbuild/win32-ia32@0.20.2':
    optional: true

  '@esbuild/win32-x64@0.20.2':
    optional: true

  '@isaacs/cliui@8.0.2':
    dependencies:
      string-width: 5.1.2
      string-width-cjs: string-width@4.2.3
      strip-ansi: 7.1.0
      strip-ansi-cjs: strip-ansi@6.0.1
      wrap-ansi: 8.1.0
      wrap-ansi-cjs: wrap-ansi@7.0.0

  '@npmcli/agent@2.2.2':
    dependencies:
      agent-base: 7.1.1
      http-proxy-agent: 7.0.2
      https-proxy-agent: 7.0.4
      lru-cache: 10.2.1
      socks-proxy-agent: 8.0.3
    transitivePeerDependencies:
      - supports-color

  '@npmcli/fs@3.1.0':
    dependencies:
      semver: 7.6.0

  '@npmcli/redact@1.1.0': {}

  '@pkgjs/parseargs@0.11.0':
    optional: true

  '@rollup/rollup-android-arm-eabi@4.16.4':
    optional: true

  '@rollup/rollup-android-arm64@4.16.4':
    optional: true

  '@rollup/rollup-darwin-arm64@4.16.4':
    optional: true

  '@rollup/rollup-darwin-x64@4.16.4':
    optional: true

  '@rollup/rollup-linux-arm-gnueabihf@4.16.4':
    optional: true

  '@rollup/rollup-linux-arm-musleabihf@4.16.4':
    optional: true

  '@rollup/rollup-linux-arm64-gnu@4.16.4':
    optional: true

  '@rollup/rollup-linux-arm64-musl@4.16.4':
    optional: true

  '@rollup/rollup-linux-powerpc64le-gnu@4.16.4':
    optional: true

  '@rollup/rollup-linux-riscv64-gnu@4.16.4':
    optional: true

  '@rollup/rollup-linux-s390x-gnu@4.16.4':
    optional: true

  '@rollup/rollup-linux-x64-gnu@4.16.4':
    optional: true

  '@rollup/rollup-linux-x64-musl@4.16.4':
    optional: true

  '@rollup/rollup-win32-arm64-msvc@4.16.4':
    optional: true

  '@rollup/rollup-win32-ia32-msvc@4.16.4':
    optional: true

  '@rollup/rollup-win32-x64-msvc@4.16.4':
    optional: true

  '@swc/core-darwin-arm64@1.5.0':
    optional: true

  '@swc/core-darwin-x64@1.5.0':
    optional: true

  '@swc/core-linux-arm-gnueabihf@1.5.0':
    optional: true

  '@swc/core-linux-arm64-gnu@1.5.0':
    optional: true

  '@swc/core-linux-arm64-musl@1.5.0':
    optional: true

  '@swc/core-linux-x64-gnu@1.5.0':
    optional: true

  '@swc/core-linux-x64-musl@1.5.0':
    optional: true

  '@swc/core-win32-arm64-msvc@1.5.0':
    optional: true

  '@swc/core-win32-ia32-msvc@1.5.0':
    optional: true

  '@swc/core-win32-x64-msvc@1.5.0':
    optional: true

  '@swc/core@1.5.0':
    dependencies:
      '@swc/counter': 0.1.3
      '@swc/types': 0.1.6
    optionalDependencies:
      '@swc/core-darwin-arm64': 1.5.0
      '@swc/core-darwin-x64': 1.5.0
      '@swc/core-linux-arm-gnueabihf': 1.5.0
      '@swc/core-linux-arm64-gnu': 1.5.0
      '@swc/core-linux-arm64-musl': 1.5.0
      '@swc/core-linux-x64-gnu': 1.5.0
      '@swc/core-linux-x64-musl': 1.5.0
      '@swc/core-win32-arm64-msvc': 1.5.0
      '@swc/core-win32-ia32-msvc': 1.5.0
      '@swc/core-win32-x64-msvc': 1.5.0

  '@swc/counter@0.1.3': {}

  '@swc/types@0.1.6':
    dependencies:
      '@swc/counter': 0.1.3

  '@types/estree@1.0.5': {}

  '@types/prop-types@15.7.12': {}

  '@types/react-dom@18.2.25':
    dependencies:
      '@types/react': 18.2.79

  '@types/react@18.2.79':
    dependencies:
      '@types/prop-types': 15.7.12
      csstype: 3.1.3

  '@uidotdev/usehooks@2.4.1(react-dom@18.3.0(react@18.3.0))(react@18.3.0)':
    dependencies:
      react: 18.3.0
      react-dom: 18.3.0(react@18.3.0)

  '@vitejs/plugin-react-swc@3.6.0(vite@5.2.10)':
    dependencies:
      '@swc/core': 1.5.0
      vite: 5.2.10
    transitivePeerDependencies:
      - '@swc/helpers'

  agent-base@7.1.1:
    dependencies:
      debug: 4.3.4
    transitivePeerDependencies:
      - supports-color

  aggregate-error@3.1.0:
    dependencies:
      clean-stack: 2.2.0
      indent-string: 4.0.0

  ansi-regex@5.0.1: {}

  ansi-regex@6.0.1: {}

  ansi-styles@4.3.0:
    dependencies:
      color-convert: 2.0.1

  ansi-styles@6.2.1: {}

  balanced-match@1.0.2: {}

  brace-expansion@2.0.1:
    dependencies:
      balanced-match: 1.0.2

  builtins@5.1.0:
    dependencies:
      semver: 7.6.0

  cacache@18.0.2:
    dependencies:
      '@npmcli/fs': 3.1.0
      fs-minipass: 3.0.3
      glob: 10.3.12
      lru-cache: 10.2.1
      minipass: 7.0.4
      minipass-collect: 2.0.1
      minipass-flush: 1.0.5
      minipass-pipeline: 1.2.4
      p-map: 4.0.0
      ssri: 10.0.5
      tar: 6.2.1
      unique-filename: 3.0.0

  chownr@2.0.0: {}

  clean-stack@2.2.0: {}

  color-convert@2.0.1:
    dependencies:
      color-name: 1.1.4

  color-name@1.1.4: {}

  cross-spawn@7.0.3:
    dependencies:
      path-key: 3.1.1
      shebang-command: 2.0.0
      which: 2.0.2

  csstype@3.1.3: {}

  debug@4.3.4:
    dependencies:
      ms: 2.1.2

  eastasianwidth@0.2.0: {}

  emoji-regex@8.0.0: {}

  emoji-regex@9.2.2: {}

  encoding@0.1.13:
    dependencies:
      iconv-lite: 0.6.3
    optional: true

  err-code@2.0.3: {}

  esbuild@0.20.2:
    optionalDependencies:
      '@esbuild/aix-ppc64': 0.20.2
      '@esbuild/android-arm': 0.20.2
      '@esbuild/android-arm64': 0.20.2
      '@esbuild/android-x64': 0.20.2
      '@esbuild/darwin-arm64': 0.20.2
      '@esbuild/darwin-x64': 0.20.2
      '@esbuild/freebsd-arm64': 0.20.2
      '@esbuild/freebsd-x64': 0.20.2
      '@esbuild/linux-arm': 0.20.2
      '@esbuild/linux-arm64': 0.20.2
      '@esbuild/linux-ia32': 0.20.2
      '@esbuild/linux-loong64': 0.20.2
      '@esbuild/linux-mips64el': 0.20.2
      '@esbuild/linux-ppc64': 0.20.2
      '@esbuild/linux-riscv64': 0.20.2
      '@esbuild/linux-s390x': 0.20.2
      '@esbuild/linux-x64': 0.20.2
      '@esbuild/netbsd-x64': 0.20.2
      '@esbuild/openbsd-x64': 0.20.2
      '@esbuild/sunos-x64': 0.20.2
      '@esbuild/win32-arm64': 0.20.2
      '@esbuild/win32-ia32': 0.20.2
      '@esbuild/win32-x64': 0.20.2

  foreground-child@3.1.1:
    dependencies:
      cross-spawn: 7.0.3
      signal-exit: 4.1.0

  fs-minipass@2.1.0:
    dependencies:
      minipass: 3.3.6

  fs-minipass@3.0.3:
    dependencies:
      minipass: 7.0.4

  fsevents@2.3.3:
    optional: true

  glob@10.3.12:
    dependencies:
      foreground-child: 3.1.1
      jackspeak: 2.3.6
      minimatch: 9.0.4
      minipass: 7.0.4
      path-scurry: 1.10.2

  hosted-git-info@7.0.1:
    dependencies:
      lru-cache: 10.2.1

  http-cache-semantics@4.1.1: {}

  http-proxy-agent@7.0.2:
    dependencies:
      agent-base: 7.1.1
      debug: 4.3.4
    transitivePeerDependencies:
      - supports-color

  https-proxy-agent@7.0.4:
    dependencies:
      agent-base: 7.1.1
      debug: 4.3.4
    transitivePeerDependencies:
      - supports-color

  iconv-lite@0.6.3:
    dependencies:
      safer-buffer: 2.1.2
    optional: true

  imurmurhash@0.1.4: {}

  indent-string@4.0.0: {}

  ip-address@9.0.5:
    dependencies:
      jsbn: 1.1.0
      sprintf-js: 1.1.3

  is-fullwidth-code-point@3.0.0: {}

  is-lambda@1.0.1: {}

  isexe@2.0.0: {}

  jackspeak@2.3.6:
    dependencies:
      '@isaacs/cliui': 8.0.2
    optionalDependencies:
      '@pkgjs/parseargs': 0.11.0

  js-tokens@4.0.0: {}

  jsbn@1.1.0: {}

  jsonparse@1.3.1: {}

  loose-envify@1.4.0:
    dependencies:
      js-tokens: 4.0.0

  lru-cache@10.2.1: {}

  lru-cache@6.0.0:
    dependencies:
      yallist: 4.0.0

  make-fetch-happen@13.0.0:
    dependencies:
      '@npmcli/agent': 2.2.2
      cacache: 18.0.2
      http-cache-semantics: 4.1.1
      is-lambda: 1.0.1
      minipass: 7.0.4
      minipass-fetch: 3.0.4
      minipass-flush: 1.0.5
      minipass-pipeline: 1.2.4
      negotiator: 0.6.3
      promise-retry: 2.0.1
      ssri: 10.0.5
    transitivePeerDependencies:
      - supports-color

  minimatch@9.0.4:
    dependencies:
      brace-expansion: 2.0.1

  minipass-collect@2.0.1:
    dependencies:
      minipass: 7.0.4

  minipass-fetch@3.0.4:
    dependencies:
      minipass: 7.0.4
      minipass-sized: 1.0.3
      minizlib: 2.1.2
    optionalDependencies:
      encoding: 0.1.13

  minipass-flush@1.0.5:
    dependencies:
      minipass: 3.3.6

  minipass-json-stream@1.0.1:
    dependencies:
      jsonparse: 1.3.1
      minipass: 3.3.6

  minipass-pipeline@1.2.4:
    dependencies:
      minipass: 3.3.6

  minipass-sized@1.0.3:
    dependencies:
      minipass: 3.3.6

  minipass@3.3.6:
    dependencies:
      yallist: 4.0.0

  minipass@5.0.0: {}

  minipass@7.0.4: {}

  minizlib@2.1.2:
    dependencies:
      minipass: 3.3.6
      yallist: 4.0.0

  mkdirp@1.0.4: {}

  ms@2.1.2: {}

  nanoid@3.3.7: {}

  negotiator@0.6.3: {}

  npm-package-arg@11.0.2:
    dependencies:
      hosted-git-info: 7.0.1
      proc-log: 4.2.0
      semver: 7.6.0
      validate-npm-package-name: 5.0.0

  npm-registry-fetch@16.2.1:
    dependencies:
      '@npmcli/redact': 1.1.0
      make-fetch-happen: 13.0.0
      minipass: 7.0.4
      minipass-fetch: 3.0.4
      minipass-json-stream: 1.0.1
      minizlib: 2.1.2
      npm-package-arg: 11.0.2
      proc-log: 4.2.0
    transitivePeerDependencies:
      - supports-color

  p-map@4.0.0:
    dependencies:
      aggregate-error: 3.1.0

  path-key@3.1.1: {}

  path-scurry@1.10.2:
    dependencies:
      lru-cache: 10.2.1
      minipass: 7.0.4

  picocolors@1.0.0: {}

  postcss@8.4.38:
    dependencies:
      nanoid: 3.3.7
      picocolors: 1.0.0
      source-map-js: 1.2.0

  proc-log@4.2.0: {}

  promise-retry@2.0.1:
    dependencies:
      err-code: 2.0.3
      retry: 0.12.0

  react-dom@18.3.0(react@18.3.0):
    dependencies:
      loose-envify: 1.4.0
      react: 18.3.0
      scheduler: 0.23.1

  react@18.3.0:
    dependencies:
      loose-envify: 1.4.0

  retry@0.12.0: {}

  rollup@4.16.4:
    dependencies:
      '@types/estree': 1.0.5
    optionalDependencies:
      '@rollup/rollup-android-arm-eabi': 4.16.4
      '@rollup/rollup-android-arm64': 4.16.4
      '@rollup/rollup-darwin-arm64': 4.16.4
      '@rollup/rollup-darwin-x64': 4.16.4
      '@rollup/rollup-linux-arm-gnueabihf': 4.16.4
      '@rollup/rollup-linux-arm-musleabihf': 4.16.4
      '@rollup/rollup-linux-arm64-gnu': 4.16.4
      '@rollup/rollup-linux-arm64-musl': 4.16.4
      '@rollup/rollup-linux-powerpc64le-gnu': 4.16.4
      '@rollup/rollup-linux-riscv64-gnu': 4.16.4
      '@rollup/rollup-linux-s390x-gnu': 4.16.4
      '@rollup/rollup-linux-x64-gnu': 4.16.4
      '@rollup/rollup-linux-x64-musl': 4.16.4
      '@rollup/rollup-win32-arm64-msvc': 4.16.4
      '@rollup/rollup-win32-ia32-msvc': 4.16.4
      '@rollup/rollup-win32-x64-msvc': 4.16.4
      fsevents: 2.3.3

  safer-buffer@2.1.2:
    optional: true

  scheduler@0.23.1:
    dependencies:
      loose-envify: 1.4.0

  semver@7.6.0:
    dependencies:
      lru-cache: 6.0.0

  shebang-command@2.0.0:
    dependencies:
      shebang-regex: 3.0.0

  shebang-regex@3.0.0: {}

  signal-exit@4.1.0: {}

  smart-buffer@4.2.0: {}

  socks-proxy-agent@8.0.3:
    dependencies:
      agent-base: 7.1.1
      debug: 4.3.4
      socks: 2.8.3
    transitivePeerDependencies:
      - supports-color

  socks@2.8.3:
    dependencies:
      ip-address: 9.0.5
      smart-buffer: 4.2.0

  sonner@1.4.41(react-dom@18.3.0(react@18.3.0))(react@18.3.0):
    dependencies:
      react: 18.3.0
      react-dom: 18.3.0(react@18.3.0)

  source-map-js@1.2.0: {}

  sprintf-js@1.1.3: {}

  ssri@10.0.5:
    dependencies:
      minipass: 7.0.4

  string-width@4.2.3:
    dependencies:
      emoji-regex: 8.0.0
      is-fullwidth-code-point: 3.0.0
      strip-ansi: 6.0.1

  string-width@5.1.2:
    dependencies:
      eastasianwidth: 0.2.0
      emoji-regex: 9.2.2
      strip-ansi: 7.1.0

  strip-ansi@6.0.1:
    dependencies:
      ansi-regex: 5.0.1

  strip-ansi@7.1.0:
    dependencies:
      ansi-regex: 6.0.1

  tar@6.2.1:
    dependencies:
      chownr: 2.0.0
      fs-minipass: 2.1.0
      minipass: 5.0.0
      minizlib: 2.1.2
      mkdirp: 1.0.4
      yallist: 4.0.0

  typescript@5.4.5: {}

  unique-filename@3.0.0:
    dependencies:
      unique-slug: 4.0.0

  unique-slug@4.0.0:
    dependencies:
      imurmurhash: 0.1.4

  validate-npm-package-name@5.0.0:
    dependencies:
      builtins: 5.1.0

  vite@5.2.10:
    dependencies:
      esbuild: 0.20.2
      postcss: 8.4.38
      rollup: 4.16.4
    optionalDependencies:
      fsevents: 2.3.3

  which@2.0.2:
    dependencies:
      isexe: 2.0.0

  wrap-ansi@7.0.0:
    dependencies:
      ansi-styles: 4.3.0
      string-width: 4.2.3
      strip-ansi: 6.0.1

  wrap-ansi@8.1.0:
    dependencies:
      ansi-styles: 6.2.1
      string-width: 5.1.2
      strip-ansi: 7.1.0

  yallist@4.0.0: {}
